
Microsoft Visual Studio Solution File, Format Version 12.00
# Visual Studio Version 16
VisualStudioVersion = 16.0.34601.136
MinimumVisualStudioVersion = 10.0.40219.1
Project("{FAE04EC0-301F-11D3-BF4B-00C04F79EFBC}") = "InstagramCloneMvc", "InstagramCloneMvc\InstagramCloneMvc.csproj", "{3D17C5C9-EA77-45CD-B313-C8AD34C5C076}"
EndProject
Global
	GlobalSection(SolutionConfigurationPlatforms) = preSolution
		Debug|Any CPU = Debug|Any CPU
		Release|Any CPU = Release|Any CPU
	EndGlobalSection
	GlobalSection(ProjectConfigurationPlatforms) = postSolution
		{3D17C5C9-EA77-45CD-B313-C8AD34C5C076}.Debug|Any CPU.ActiveCfg = Debug|Any CPU
		{3D17C5C9-EA77-45CD-B313-C8AD34C5C076}.Debug|Any CPU.Build.0 = Debug|Any CPU
		{3D17C5C9-EA77-45CD-B313-C8AD34C5C076}.Release|Any CPU.ActiveCfg = Release|Any CPU
		{3D17C5C9-EA77-45CD-B313-C8AD34C5C076}.Release|Any CPU.Build.0 = Release|Any CPU
	EndGlobalSection
	GlobalSection(SolutionProperties) = preSolution
		HideSolutionNode = FALSE
	EndGlobalSection
	GlobalSection(ExtensibilityGlobals) = postSolution
		SolutionGuid = {D7784FD0-DABF-4917-B470-DE0D4730CAA4}
	EndGlobalSection
EndGlobal
